
Microsoft Visual Studio Solution File, Format Version 12.00
# Visual Studio Version 17
VisualStudioVersion = 17.5.33516.290
MinimumVisualStudioVersion = 10.0.40219.1
Project("{2150E333-8FDC-42A3-9474-1A3956D46DE8}") = "src", "src", "{35B71694-79F0-4A4B-A03C-24691BBEBBC9}"
EndProject
Project("{2150E333-8FDC-42A3-9474-1A3956D46DE8}") = "tests", "tests", "{A3D3423C-A1FB-4477-8D8A-E8B288CFB608}"
EndProject
Project("{9A19103F-16F7-4668-BE54-9A1E7A4F7556}") = "WeReadTool", "src\WeReadTool\WeReadTool.csproj", "{816499E4-1483-4DB7-86EB-35675983F90F}"
EndProject
Project("{9A19103F-16F7-4668-BE54-9A1E7A4F7556}") = "WeReadTool.Tests", "tests\WeReadTool.Tests\WeReadTool.Tests.csproj", "{ECC11F65-CB75-4DD1-AA2E-36D352A9E5CA}"
EndProject
Project("{2150E333-8FDC-42A3-9474-1A3956D46DE8}") = "解决方案项", "解决方案项", "{90788A33-9024-4BDE-994A-B551272F5DE1}"
	ProjectSection(SolutionItems) = preProject
		common.props = common.props
	EndProjectSection
EndProject
Project("{FAE04EC0-301F-11D3-BF4B-00C04F79EFBC}") = "WeReadTool.PlaywrightGenerator", "src\WeReadTool.PlaywrightGenerator\WeReadTool.PlaywrightGenerator.csproj", "{AFD7E851-CD31-4D5A-BC7C-61B4D2B28389}"
EndProject
Global
	GlobalSection(SolutionConfigurationPlatforms) = preSolution
		Debug|Any CPU = Debug|Any CPU
		Release|Any CPU = Release|Any CPU
	EndGlobalSection
	GlobalSection(ProjectConfigurationPlatforms) = postSolution
		{816499E4-1483-4DB7-86EB-35675983F90F}.Debug|Any CPU.ActiveCfg = Debug|Any CPU
		{816499E4-1483-4DB7-86EB-35675983F90F}.Debug|Any CPU.Build.0 = Debug|Any CPU
		{816499E4-1483-4DB7-86EB-35675983F90F}.Release|Any CPU.ActiveCfg = Release|Any CPU
		{816499E4-1483-4DB7-86EB-35675983F90F}.Release|Any CPU.Build.0 = Release|Any CPU
		{ECC11F65-CB75-4DD1-AA2E-36D352A9E5CA}.Debug|Any CPU.ActiveCfg = Debug|Any CPU
		{ECC11F65-CB75-4DD1-AA2E-36D352A9E5CA}.Debug|Any CPU.Build.0 = Debug|Any CPU
		{ECC11F65-CB75-4DD1-AA2E-36D352A9E5CA}.Release|Any CPU.ActiveCfg = Release|Any CPU
		{ECC11F65-CB75-4DD1-AA2E-36D352A9E5CA}.Release|Any CPU.Build.0 = Release|Any CPU
		{AFD7E851-CD31-4D5A-BC7C-61B4D2B28389}.Debug|Any CPU.ActiveCfg = Debug|Any CPU
		{AFD7E851-CD31-4D5A-BC7C-61B4D2B28389}.Debug|Any CPU.Build.0 = Debug|Any CPU
		{AFD7E851-CD31-4D5A-BC7C-61B4D2B28389}.Release|Any CPU.ActiveCfg = Release|Any CPU
		{AFD7E851-CD31-4D5A-BC7C-61B4D2B28389}.Release|Any CPU.Build.0 = Release|Any CPU
	EndGlobalSection
	GlobalSection(SolutionProperties) = preSolution
		HideSolutionNode = FALSE
	EndGlobalSection
	GlobalSection(NestedProjects) = preSolution
		{816499E4-1483-4DB7-86EB-35675983F90F} = {35B71694-79F0-4A4B-A03C-24691BBEBBC9}
		{ECC11F65-CB75-4DD1-AA2E-36D352A9E5CA} = {A3D3423C-A1FB-4477-8D8A-E8B288CFB608}
		{AFD7E851-CD31-4D5A-BC7C-61B4D2B28389} = {35B71694-79F0-4A4B-A03C-24691BBEBBC9}
	EndGlobalSection
	GlobalSection(ExtensibilityGlobals) = postSolution
		SolutionGuid = {7A48DC69-6EC6-4DDA-A356-FAAD436F5285}
	EndGlobalSection
EndGlobal
